
Microsoft Visual Studio Solution File, Format Version 12.00
# Visual Studio Version 17
VisualStudioVersion = 17.5.002.0
MinimumVisualStudioVersion = 10.0.40219.1
Project("{9A19103F-16F7-4668-BE54-9A1E7A4F7556}") = "SimpleNet8Project", "SimpleNet8Project\SimpleNet8Project.csproj", "{8E0CE047-86A2-4398-A532-A47A58DB9809}"
EndProject
Global
	GlobalSection(SolutionConfigurationPlatforms) = preSolution
		Debug|Any CPU = Debug|Any CPU
		Release|Any CPU = Release|Any CPU
	EndGlobalSection
	GlobalSection(ProjectConfigurationPlatforms) = postSolution
		{8E0CE047-86A2-4398-A532-A47A58DB9809}.Debug|Any CPU.ActiveCfg = Debug|Any CPU
		{8E0CE047-86A2-4398-A532-A47A58DB9809}.Debug|Any CPU.Build.0 = Debug|Any CPU
		{8E0CE047-86A2-4398-A532-A47A58DB9809}.Release|Any CPU.ActiveCfg = Release|Any CPU
		{8E0CE047-86A2-4398-A532-A47A58DB9809}.Release|Any CPU.Build.0 = Release|Any CPU
	EndGlobalSection
	GlobalSection(SolutionProperties) = preSolution
		HideSolutionNode = FALSE
	EndGlobalSection
	GlobalSection(ExtensibilityGlobals) = postSolution
		SolutionGuid = {5DA38A55-1FCD-4B2F-9114-CDF83C22DDE6}
	EndGlobalSection
EndGlobal
